
Microsoft Visual Studio Solution File, Format Version 12.00
# Visual Studio Version 17
VisualStudioVersion = 17.5.002.0
MinimumVisualStudioVersion = 10.0.40219.1
Project("{2150E333-8FDC-42A3-9474-1A3956D46DE8}") = "src", "src", "{15B3DF0A-98FD-435F-977D-DD49D8525776}"
EndProject
Project("{9A19103F-16F7-4668-BE54-9A1E7A4F7556}") = "PatternsOfDS.WAL", "src\PatternsOfDS.WAL\PatternsOfDS.WAL.csproj", "{EBB4CCF8-D31D-4B47-98C2-1E91258F6BE5}"
EndProject
Global
	GlobalSection(SolutionConfigurationPlatforms) = preSolution
		Debug|Any CPU = Debug|Any CPU
		Release|Any CPU = Release|Any CPU
	EndGlobalSection
	GlobalSection(ProjectConfigurationPlatforms) = postSolution
		{EBB4CCF8-D31D-4B47-98C2-1E91258F6BE5}.Debug|Any CPU.ActiveCfg = Debug|Any CPU
		{EBB4CCF8-D31D-4B47-98C2-1E91258F6BE5}.Debug|Any CPU.Build.0 = Debug|Any CPU
		{EBB4CCF8-D31D-4B47-98C2-1E91258F6BE5}.Release|Any CPU.ActiveCfg = Release|Any CPU
		{EBB4CCF8-D31D-4B47-98C2-1E91258F6BE5}.Release|Any CPU.Build.0 = Release|Any CPU
	EndGlobalSection
	GlobalSection(SolutionProperties) = preSolution
		HideSolutionNode = FALSE
	EndGlobalSection
	GlobalSection(NestedProjects) = preSolution
		{EBB4CCF8-D31D-4B47-98C2-1E91258F6BE5} = {15B3DF0A-98FD-435F-977D-DD49D8525776}
	EndGlobalSection
	GlobalSection(ExtensibilityGlobals) = postSolution
		SolutionGuid = {F57AAF05-C46E-4FB5-9C9F-63A6A0EC621F}
	EndGlobalSection
EndGlobal
